Microsoft Visual Studio Solution File, Format Version 11.00
# Visual Studio 2010
Project("{8BC9CEB8-8B4A-11D0-8D11-00A0C91BC942}") = "nanomsg", "src\nanomsg.vcxproj", "{E75CF43F-323F-4BA6-8A83-8734C9F238CD}"
EndProject
Project("{8BC9CEB8-8B4A-11D0-8D11-00A0C91BC942}") = "nanomsg64_std", "nanomsg64_std\nanomsg64_std.vcxproj", "{4A0D08E9-BA9A-4166-9A9D-C88DC0CE5D34}"
EndProject
Project("{8BC9CEB8-8B4A-11D0-8D11-00A0C91BC942}") = "nanomsg_std", "nanomsg_std\nanomsg_std.vcxproj", "{99A7794C-4549-4605-9E4E-481106525421}"
EndProject
Global
	GlobalSection(SolutionConfigurationPlatforms) = preSolution
		Debug|Win32 = Debug|Win32
		Debug|x64 = Debug|x64
		MinSizeRel|Win32 = MinSizeRel|Win32
		MinSizeRel|x64 = MinSizeRel|x64
		Release|Win32 = Release|Win32
		Release|x64 = Release|x64
		RelWithDebInfo|Win32 = RelWithDebInfo|Win32
		RelWithDebInfo|x64 = RelWithDebInfo|x64
	EndGlobalSection
	GlobalSection(ProjectConfigurationPlatforms) = postSolution
		{E75CF43F-323F-4BA6-8A83-8734C9F238CD}.Debug|Win32.ActiveCfg = Debug|Win32
		{E75CF43F-323F-4BA6-8A83-8734C9F238CD}.Debug|Win32.Build.0 = Debug|Win32
		{E75CF43F-323F-4BA6-8A83-8734C9F238CD}.Debug|x64.ActiveCfg = Debug|x64
		{E75CF43F-323F-4BA6-8A83-8734C9F238CD}.Debug|x64.Build.0 = Debug|x64
		{E75CF43F-323F-4BA6-8A83-8734C9F238CD}.MinSizeRel|Win32.ActiveCfg = MinSizeRel|Win32
		{E75CF43F-323F-4BA6-8A83-8734C9F238CD}.MinSizeRel|Win32.Build.0 = MinSizeRel|Win32
		{E75CF43F-323F-4BA6-8A83-8734C9F238CD}.MinSizeRel|x64.ActiveCfg = MinSizeRel|x64
		{E75CF43F-323F-4BA6-8A83-8734C9F238CD}.MinSizeRel|x64.Build.0 = MinSizeRel|x64
		{E75CF43F-323F-4BA6-8A83-8734C9F238CD}.Release|Win32.ActiveCfg = Release|Win32
		{E75CF43F-323F-4BA6-8A83-8734C9F238CD}.Release|Win32.Build.0 = Release|Win32
		{E75CF43F-323F-4BA6-8A83-8734C9F238CD}.Release|x64.ActiveCfg = Release|x64
		{E75CF43F-323F-4BA6-8A83-8734C9F238CD}.Release|x64.Build.0 = Release|x64
		{E75CF43F-323F-4BA6-8A83-8734C9F238CD}.RelWithDebInfo|Win32.ActiveCfg = RelWithDebInfo|Win32
		{E75CF43F-323F-4BA6-8A83-8734C9F238CD}.RelWithDebInfo|Win32.Build.0 = RelWithDebInfo|Win32
		{E75CF43F-323F-4BA6-8A83-8734C9F238CD}.RelWithDebInfo|x64.ActiveCfg = RelWithDebInfo|x64
		{E75CF43F-323F-4BA6-8A83-8734C9F238CD}.RelWithDebInfo|x64.Build.0 = RelWithDebInfo|x64
		{4A0D08E9-BA9A-4166-9A9D-C88DC0CE5D34}.Debug|Win32.ActiveCfg = Debug|x64
		{4A0D08E9-BA9A-4166-9A9D-C88DC0CE5D34}.Debug|Win32.Build.0 = Debug|x64
		{4A0D08E9-BA9A-4166-9A9D-C88DC0CE5D34}.Debug|x64.ActiveCfg = Debug|x64
		{4A0D08E9-BA9A-4166-9A9D-C88DC0CE5D34}.Debug|x64.Build.0 = Debug|x64
		{4A0D08E9-BA9A-4166-9A9D-C88DC0CE5D34}.MinSizeRel|Win32.ActiveCfg = MinSizeRel|x64
		{4A0D08E9-BA9A-4166-9A9D-C88DC0CE5D34}.MinSizeRel|Win32.Build.0 = MinSizeRel|x64
		{4A0D08E9-BA9A-4166-9A9D-C88DC0CE5D34}.MinSizeRel|x64.ActiveCfg = MinSizeRel|x64
		{4A0D08E9-BA9A-4166-9A9D-C88DC0CE5D34}.MinSizeRel|x64.Build.0 = MinSizeRel|x64
		{4A0D08E9-BA9A-4166-9A9D-C88DC0CE5D34}.Release|Win32.ActiveCfg = Release|Win32
		{4A0D08E9-BA9A-4166-9A9D-C88DC0CE5D34}.Release|Win32.Build.0 = Release|Win32
		{4A0D08E9-BA9A-4166-9A9D-C88DC0CE5D34}.Release|x64.ActiveCfg = Release|x64
		{4A0D08E9-BA9A-4166-9A9D-C88DC0CE5D34}.Release|x64.Build.0 = Release|x64
		{4A0D08E9-BA9A-4166-9A9D-C88DC0CE5D34}.RelWithDebInfo|Win32.ActiveCfg = RelWithDebInfo|Win32
		{4A0D08E9-BA9A-4166-9A9D-C88DC0CE5D34}.RelWithDebInfo|Win32.Build.0 = RelWithDebInfo|Win32
		{4A0D08E9-BA9A-4166-9A9D-C88DC0CE5D34}.RelWithDebInfo|x64.ActiveCfg = RelWithDebInfo|x64
		{4A0D08E9-BA9A-4166-9A9D-C88DC0CE5D34}.RelWithDebInfo|x64.Build.0 = RelWithDebInfo|x64
		{99A7794C-4549-4605-9E4E-481106525421}.Debug|Win32.ActiveCfg = Debug|Win32
		{99A7794C-4549-4605-9E4E-481106525421}.Debug|Win32.Build.0 = Debug|Win32
		{99A7794C-4549-4605-9E4E-481106525421}.Debug|x64.ActiveCfg = Debug|x64
		{99A7794C-4549-4605-9E4E-481106525421}.Debug|x64.Build.0 = Debug|x64
		{99A7794C-4549-4605-9E4E-481106525421}.MinSizeRel|Win32.ActiveCfg = MinSizeRel|Win32
		{99A7794C-4549-4605-9E4E-481106525421}.MinSizeRel|Win32.Build.0 = MinSizeRel|Win32
		{99A7794C-4549-4605-9E4E-481106525421}.MinSizeRel|x64.ActiveCfg = MinSizeRel|x64
		{99A7794C-4549-4605-9E4E-481106525421}.MinSizeRel|x64.Build.0 = MinSizeRel|x64
		{99A7794C-4549-4605-9E4E-481106525421}.Release|Win32.ActiveCfg = Release|Win32
		{99A7794C-4549-4605-9E4E-481106525421}.Release|Win32.Build.0 = Release|Win32
		{99A7794C-4549-4605-9E4E-481106525421}.Release|x64.ActiveCfg = Release|x64
		{99A7794C-4549-4605-9E4E-481106525421}.Release|x64.Build.0 = Release|x64
		{99A7794C-4549-4605-9E4E-481106525421}.RelWithDebInfo|Win32.ActiveCfg = RelWithDebInfo|Win32
		{99A7794C-4549-4605-9E4E-481106525421}.RelWithDebInfo|Win32.Build.0 = RelWithDebInfo|Win32
		{99A7794C-4549-4605-9E4E-481106525421}.RelWithDebInfo|x64.ActiveCfg = RelWithDebInfo|x64
		{99A7794C-4549-4605-9E4E-481106525421}.RelWithDebInfo|x64.Build.0 = RelWithDebInfo|x64
	EndGlobalSection
	GlobalSection(SolutionProperties) = preSolution
		HideSolutionNode = FALSE
	EndGlobalSection
EndGlobal
