<?xml version="1.0" encoding="Windows-1252"?>
<Project ToolsVersion="4.0" xmlns="http://schemas.microsoft.com/developer/msbuild/2003">
  <ItemGroup>
    <ClCompile Include="core\ep.c">
      <Filter>Source Files</Filter>
    </ClCompile>
    <ClCompile Include="core\epbase.c">
      <Filter>Source Files</Filter>
    </ClCompile>
    <ClCompile Include="core\global.c">
      <Filter>Source Files</Filter>
    </ClCompile>
    <ClCompile Include="core\pipe.c">
      <Filter>Source Files</Filter>
    </ClCompile>
    <ClCompile Include="core\poll.c">
      <Filter>Source Files</Filter>
    </ClCompile>
    <ClCompile Include="core\sock.c">
      <Filter>Source Files</Filter>
    </ClCompile>
    <ClCompile Include="core\sockbase.c">
      <Filter>Source Files</Filter>
    </ClCompile>
    <ClCompile Include="core\device.c">
      <Filter>Source Files</Filter>
    </ClCompile>
    <ClCompile Include="core\symbol.c">
      <Filter>Source Files</Filter>
    </ClCompile>
    <ClCompile Include="aio\ctx.c">
      <Filter>Source Files</Filter>
    </ClCompile>
    <ClCompile Include="aio\fsm.c">
      <Filter>Source Files</Filter>
    </ClCompile>
    <ClCompile Include="aio\poller.c">
      <Filter>Source Files</Filter>
    </ClCompile>
    <ClCompile Include="aio\pool.c">
      <Filter>Source Files</Filter>
    </ClCompile>
    <ClCompile Include="aio\timer.c">
      <Filter>Source Files</Filter>
    </ClCompile>
    <ClCompile Include="aio\timerset.c">
      <Filter>Source Files</Filter>
    </ClCompile>
    <ClCompile Include="aio\usock.c">
      <Filter>Source Files</Filter>
    </ClCompile>
    <ClCompile Include="aio\worker.c">
      <Filter>Source Files</Filter>
    </ClCompile>
    <ClCompile Include="utils\alloc.c">
      <Filter>Source Files</Filter>
    </ClCompile>
    <ClCompile Include="utils\atomic.c">
      <Filter>Source Files</Filter>
    </ClCompile>
    <ClCompile Include="utils\chunk.c">
      <Filter>Source Files</Filter>
    </ClCompile>
    <ClCompile Include="utils\chunkref.c">
      <Filter>Source Files</Filter>
    </ClCompile>
    <ClCompile Include="utils\clock.c">
      <Filter>Source Files</Filter>
    </ClCompile>
    <ClCompile Include="utils\closefd.c">
      <Filter>Source Files</Filter>
    </ClCompile>
    <ClCompile Include="utils\efd.c">
      <Filter>Source Files</Filter>
    </ClCompile>
    <ClCompile Include="utils\err.c">
      <Filter>Source Files</Filter>
    </ClCompile>
    <ClCompile Include="utils\glock.c">
      <Filter>Source Files</Filter>
    </ClCompile>
    <ClCompile Include="utils\hash.c">
      <Filter>Source Files</Filter>
    </ClCompile>
    <ClCompile Include="utils\list.c">
      <Filter>Source Files</Filter>
    </ClCompile>
    <ClCompile Include="utils\msg.c">
      <Filter>Source Files</Filter>
    </ClCompile>
    <ClCompile Include="utils\mutex.c">
      <Filter>Source Files</Filter>
    </ClCompile>
    <ClCompile Include="utils\queue.c">
      <Filter>Source Files</Filter>
    </ClCompile>
    <ClCompile Include="utils\random.c">
      <Filter>Source Files</Filter>
    </ClCompile>
    <ClCompile Include="utils\sem.c">
      <Filter>Source Files</Filter>
    </ClCompile>
    <ClCompile Include="utils\sleep.c">
      <Filter>Source Files</Filter>
    </ClCompile>
    <ClCompile Include="utils\thread.c">
      <Filter>Source Files</Filter>
    </ClCompile>
    <ClCompile Include="utils\wire.c">
      <Filter>Source Files</Filter>
    </ClCompile>
    <ClCompile Include="protocols\utils\dist.c">
      <Filter>Source Files</Filter>
    </ClCompile>
    <ClCompile Include="protocols\utils\excl.c">
      <Filter>Source Files</Filter>
    </ClCompile>
    <ClCompile Include="protocols\utils\fq.c">
      <Filter>Source Files</Filter>
    </ClCompile>
    <ClCompile Include="protocols\utils\lb.c">
      <Filter>Source Files</Filter>
    </ClCompile>
    <ClCompile Include="protocols\utils\priolist.c">
      <Filter>Source Files</Filter>
    </ClCompile>
    <ClCompile Include="protocols\bus\bus.c">
      <Filter>Source Files</Filter>
    </ClCompile>
    <ClCompile Include="protocols\bus\xbus.c">
      <Filter>Source Files</Filter>
    </ClCompile>
    <ClCompile Include="protocols\pipeline\push.c">
      <Filter>Source Files</Filter>
    </ClCompile>
    <ClCompile Include="protocols\pipeline\pull.c">
      <Filter>Source Files</Filter>
    </ClCompile>
    <ClCompile Include="protocols\pipeline\xpull.c">
      <Filter>Source Files</Filter>
    </ClCompile>
    <ClCompile Include="protocols\pipeline\xpush.c">
      <Filter>Source Files</Filter>
    </ClCompile>
    <ClCompile Include="protocols\pair\pair.c">
      <Filter>Source Files</Filter>
    </ClCompile>
    <ClCompile Include="protocols\pair\xpair.c">
      <Filter>Source Files</Filter>
    </ClCompile>
    <ClCompile Include="protocols\pubsub\pub.c">
      <Filter>Source Files</Filter>
    </ClCompile>
    <ClCompile Include="protocols\pubsub\sub.c">
      <Filter>Source Files</Filter>
    </ClCompile>
    <ClCompile Include="protocols\pubsub\trie.c">
      <Filter>Source Files</Filter>
    </ClCompile>
    <ClCompile Include="protocols\pubsub\xpub.c">
      <Filter>Source Files</Filter>
    </ClCompile>
    <ClCompile Include="protocols\pubsub\xsub.c">
      <Filter>Source Files</Filter>
    </ClCompile>
    <ClCompile Include="protocols\reqrep\req.c">
      <Filter>Source Files</Filter>
    </ClCompile>
    <ClCompile Include="protocols\reqrep\rep.c">
      <Filter>Source Files</Filter>
    </ClCompile>
    <ClCompile Include="protocols\reqrep\xrep.c">
      <Filter>Source Files</Filter>
    </ClCompile>
    <ClCompile Include="protocols\reqrep\xreq.c">
      <Filter>Source Files</Filter>
    </ClCompile>
    <ClCompile Include="protocols\survey\respondent.c">
      <Filter>Source Files</Filter>
    </ClCompile>
    <ClCompile Include="protocols\survey\surveyor.c">
      <Filter>Source Files</Filter>
    </ClCompile>
    <ClCompile Include="protocols\survey\xrespondent.c">
      <Filter>Source Files</Filter>
    </ClCompile>
    <ClCompile Include="protocols\survey\xsurveyor.c">
      <Filter>Source Files</Filter>
    </ClCompile>
    <ClCompile Include="transports\utils\backoff.c">
      <Filter>Source Files</Filter>
    </ClCompile>
    <ClCompile Include="transports\utils\dns.c">
      <Filter>Source Files</Filter>
    </ClCompile>
    <ClCompile Include="transports\utils\iface.c">
      <Filter>Source Files</Filter>
    </ClCompile>
    <ClCompile Include="transports\utils\literal.c">
      <Filter>Source Files</Filter>
    </ClCompile>
    <ClCompile Include="transports\utils\port.c">
      <Filter>Source Files</Filter>
    </ClCompile>
    <ClCompile Include="transports\utils\streamhdr.c">
      <Filter>Source Files</Filter>
    </ClCompile>
    <ClCompile Include="transports\inproc\binproc.c">
      <Filter>Source Files</Filter>
    </ClCompile>
    <ClCompile Include="transports\inproc\cinproc.c">
      <Filter>Source Files</Filter>
    </ClCompile>
    <ClCompile Include="transports\inproc\inproc.c">
      <Filter>Source Files</Filter>
    </ClCompile>
    <ClCompile Include="transports\inproc\ins.c">
      <Filter>Source Files</Filter>
    </ClCompile>
    <ClCompile Include="transports\inproc\msgqueue.c">
      <Filter>Source Files</Filter>
    </ClCompile>
    <ClCompile Include="transports\inproc\sinproc.c">
      <Filter>Source Files</Filter>
    </ClCompile>
    <ClCompile Include="transports\ipc\aipc.c">
      <Filter>Source Files</Filter>
    </ClCompile>
    <ClCompile Include="transports\ipc\bipc.c">
      <Filter>Source Files</Filter>
    </ClCompile>
    <ClCompile Include="transports\ipc\cipc.c">
      <Filter>Source Files</Filter>
    </ClCompile>
    <ClCompile Include="transports\ipc\ipc.c">
      <Filter>Source Files</Filter>
    </ClCompile>
    <ClCompile Include="transports\ipc\sipc.c">
      <Filter>Source Files</Filter>
    </ClCompile>
    <ClCompile Include="transports\tcp\atcp.c">
      <Filter>Source Files</Filter>
    </ClCompile>
    <ClCompile Include="transports\tcp\btcp.c">
      <Filter>Source Files</Filter>
    </ClCompile>
    <ClCompile Include="transports\tcp\ctcp.c">
      <Filter>Source Files</Filter>
    </ClCompile>
    <ClCompile Include="transports\tcp\stcp.c">
      <Filter>Source Files</Filter>
    </ClCompile>
    <ClCompile Include="transports\tcp\tcp.c">
      <Filter>Source Files</Filter>
    </ClCompile>
  </ItemGroup>
  <ItemGroup>
    <ClInclude Include="nn.h">
      <Filter>Header Files</Filter>
    </ClInclude>
    <ClInclude Include="inproc.h">
      <Filter>Header Files</Filter>
    </ClInclude>
    <ClInclude Include="ipc.h">
      <Filter>Header Files</Filter>
    </ClInclude>
    <ClInclude Include="tcp.h">
      <Filter>Header Files</Filter>
    </ClInclude>
    <ClInclude Include="pair.h">
      <Filter>Header Files</Filter>
    </ClInclude>
    <ClInclude Include="pubsub.h">
      <Filter>Header Files</Filter>
    </ClInclude>
    <ClInclude Include="reqrep.h">
      <Filter>Header Files</Filter>
    </ClInclude>
    <ClInclude Include="pipeline.h">
      <Filter>Header Files</Filter>
    </ClInclude>
    <ClInclude Include="survey.h">
      <Filter>Header Files</Filter>
    </ClInclude>
    <ClInclude Include="bus.h">
      <Filter>Header Files</Filter>
    </ClInclude>
    <ClInclude Include="core\ep.h">
      <Filter>Header Files</Filter>
    </ClInclude>
    <ClInclude Include="core\global.h">
      <Filter>Header Files</Filter>
    </ClInclude>
    <ClInclude Include="core\sock.h">
      <Filter>Header Files</Filter>
    </ClInclude>
    <ClInclude Include="aio\ctx.h">
      <Filter>Header Files</Filter>
    </ClInclude>
    <ClInclude Include="aio\fsm.h">
      <Filter>Header Files</Filter>
    </ClInclude>
    <ClInclude Include="aio\poller.h">
      <Filter>Header Files</Filter>
    </ClInclude>
    <ClInclude Include="aio\poller_epoll.h">
      <Filter>Header Files</Filter>
    </ClInclude>
    <ClInclude Include="aio\poller_kqueue.h">
      <Filter>Header Files</Filter>
    </ClInclude>
    <ClInclude Include="aio\poller_poll.h">
      <Filter>Header Files</Filter>
    </ClInclude>
    <ClInclude Include="aio\pool.h">
      <Filter>Header Files</Filter>
    </ClInclude>
    <ClInclude Include="aio\timer.h">
      <Filter>Header Files</Filter>
    </ClInclude>
    <ClInclude Include="aio\timerset.h">
      <Filter>Header Files</Filter>
    </ClInclude>
    <ClInclude Include="aio\usock.h">
      <Filter>Header Files</Filter>
    </ClInclude>
    <ClInclude Include="aio\usock_posix.h">
      <Filter>Header Files</Filter>
    </ClInclude>
    <ClInclude Include="aio\usock_win.h">
      <Filter>Header Files</Filter>
    </ClInclude>
    <ClInclude Include="aio\worker.h">
      <Filter>Header Files</Filter>
    </ClInclude>
    <ClInclude Include="aio\worker_posix.h">
      <Filter>Header Files</Filter>
    </ClInclude>
    <ClInclude Include="aio\worker_win.h">
      <Filter>Header Files</Filter>
    </ClInclude>
    <ClInclude Include="utils\alloc.h">
      <Filter>Header Files</Filter>
    </ClInclude>
    <ClInclude Include="utils\atomic.h">
      <Filter>Header Files</Filter>
    </ClInclude>
    <ClInclude Include="utils\attr.h">
      <Filter>Header Files</Filter>
    </ClInclude>
    <ClInclude Include="utils\chunk.h">
      <Filter>Header Files</Filter>
    </ClInclude>
    <ClInclude Include="utils\chunkref.h">
      <Filter>Header Files</Filter>
    </ClInclude>
    <ClInclude Include="utils\clock.h">
      <Filter>Header Files</Filter>
    </ClInclude>
    <ClInclude Include="utils\closefd.h">
      <Filter>Header Files</Filter>
    </ClInclude>
    <ClInclude Include="utils\cont.h">
      <Filter>Header Files</Filter>
    </ClInclude>
    <ClInclude Include="utils\efd.h">
      <Filter>Header Files</Filter>
    </ClInclude>
    <ClInclude Include="utils\efd_eventfd.h">
      <Filter>Header Files</Filter>
    </ClInclude>
    <ClInclude Include="utils\efd_pipe.h">
      <Filter>Header Files</Filter>
    </ClInclude>
    <ClInclude Include="utils\efd_socketpair.h">
      <Filter>Header Files</Filter>
    </ClInclude>
    <ClInclude Include="utils\efd_win.h">
      <Filter>Header Files</Filter>
    </ClInclude>
    <ClInclude Include="utils\err.h">
      <Filter>Header Files</Filter>
    </ClInclude>
    <ClInclude Include="utils\fast.h">
      <Filter>Header Files</Filter>
    </ClInclude>
    <ClInclude Include="utils\fd.h">
      <Filter>Header Files</Filter>
    </ClInclude>
    <ClInclude Include="utils\glock.h">
      <Filter>Header Files</Filter>
    </ClInclude>
    <ClInclude Include="utils\hash.h">
      <Filter>Header Files</Filter>
    </ClInclude>
    <ClInclude Include="utils\int.h">
      <Filter>Header Files</Filter>
    </ClInclude>
    <ClInclude Include="utils\list.h">
      <Filter>Header Files</Filter>
    </ClInclude>
    <ClInclude Include="utils\msg.h">
      <Filter>Header Files</Filter>
    </ClInclude>
    <ClInclude Include="utils\mutex.h">
      <Filter>Header Files</Filter>
    </ClInclude>
    <ClInclude Include="utils\queue.h">
      <Filter>Header Files</Filter>
    </ClInclude>
    <ClInclude Include="utils\random.h">
      <Filter>Header Files</Filter>
    </ClInclude>
    <ClInclude Include="utils\sem.h">
      <Filter>Header Files</Filter>
    </ClInclude>
    <ClInclude Include="utils\sleep.h">
      <Filter>Header Files</Filter>
    </ClInclude>
    <ClInclude Include="utils\thread.h">
      <Filter>Header Files</Filter>
    </ClInclude>
    <ClInclude Include="utils\thread_posix.h">
      <Filter>Header Files</Filter>
    </ClInclude>
    <ClInclude Include="utils\thread_win.h">
      <Filter>Header Files</Filter>
    </ClInclude>
    <ClInclude Include="utils\wire.h">
      <Filter>Header Files</Filter>
    </ClInclude>
    <ClInclude Include="protocols\utils\dist.h">
      <Filter>Header Files</Filter>
    </ClInclude>
    <ClInclude Include="protocols\utils\excl.h">
      <Filter>Header Files</Filter>
    </ClInclude>
    <ClInclude Include="protocols\utils\fq.h">
      <Filter>Header Files</Filter>
    </ClInclude>
    <ClInclude Include="protocols\utils\lb.h">
      <Filter>Header Files</Filter>
    </ClInclude>
    <ClInclude Include="protocols\utils\priolist.h">
      <Filter>Header Files</Filter>
    </ClInclude>
    <ClInclude Include="protocols\bus\bus.h">
      <Filter>Header Files</Filter>
    </ClInclude>
    <ClInclude Include="protocols\bus\xbus.h">
      <Filter>Header Files</Filter>
    </ClInclude>
    <ClInclude Include="protocols\pipeline\push.h">
      <Filter>Header Files</Filter>
    </ClInclude>
    <ClInclude Include="protocols\pipeline\pull.h">
      <Filter>Header Files</Filter>
    </ClInclude>
    <ClInclude Include="protocols\pipeline\xpull.h">
      <Filter>Header Files</Filter>
    </ClInclude>
    <ClInclude Include="protocols\pipeline\xpush.h">
      <Filter>Header Files</Filter>
    </ClInclude>
    <ClInclude Include="protocols\pair\pair.h">
      <Filter>Header Files</Filter>
    </ClInclude>
    <ClInclude Include="protocols\pair\xpair.h">
      <Filter>Header Files</Filter>
    </ClInclude>
    <ClInclude Include="protocols\pubsub\pub.h">
      <Filter>Header Files</Filter>
    </ClInclude>
    <ClInclude Include="protocols\pubsub\sub.h">
      <Filter>Header Files</Filter>
    </ClInclude>
    <ClInclude Include="protocols\pubsub\trie.h">
      <Filter>Header Files</Filter>
    </ClInclude>
    <ClInclude Include="protocols\pubsub\xpub.h">
      <Filter>Header Files</Filter>
    </ClInclude>
    <ClInclude Include="protocols\pubsub\xsub.h">
      <Filter>Header Files</Filter>
    </ClInclude>
    <ClInclude Include="protocols\reqrep\req.h">
      <Filter>Header Files</Filter>
    </ClInclude>
    <ClInclude Include="protocols\reqrep\rep.h">
      <Filter>Header Files</Filter>
    </ClInclude>
    <ClInclude Include="protocols\reqrep\xrep.h">
      <Filter>Header Files</Filter>
    </ClInclude>
    <ClInclude Include="protocols\reqrep\xreq.h">
      <Filter>Header Files</Filter>
    </ClInclude>
    <ClInclude Include="protocols\survey\respondent.h">
      <Filter>Header Files</Filter>
    </ClInclude>
    <ClInclude Include="protocols\survey\surveyor.h">
      <Filter>Header Files</Filter>
    </ClInclude>
    <ClInclude Include="protocols\survey\xrespondent.h">
      <Filter>Header Files</Filter>
    </ClInclude>
    <ClInclude Include="protocols\survey\xsurveyor.h">
      <Filter>Header Files</Filter>
    </ClInclude>
    <ClInclude Include="transports\utils\backoff.h">
      <Filter>Header Files</Filter>
    </ClInclude>
    <ClInclude Include="transports\utils\dns.h">
      <Filter>Header Files</Filter>
    </ClInclude>
    <ClInclude Include="transports\utils\dns_getaddrinfo.h">
      <Filter>Header Files</Filter>
    </ClInclude>
    <ClInclude Include="transports\utils\dns_getaddrinfo_a.h">
      <Filter>Header Files</Filter>
    </ClInclude>
    <ClInclude Include="transports\utils\iface.h">
      <Filter>Header Files</Filter>
    </ClInclude>
    <ClInclude Include="transports\utils\literal.h">
      <Filter>Header Files</Filter>
    </ClInclude>
    <ClInclude Include="transports\utils\port.h">
      <Filter>Header Files</Filter>
    </ClInclude>
    <ClInclude Include="transports\utils\streamhdr.h">
      <Filter>Header Files</Filter>
    </ClInclude>
    <ClInclude Include="transports\inproc\binproc.h">
      <Filter>Header Files</Filter>
    </ClInclude>
    <ClInclude Include="transports\inproc\cinproc.h">
      <Filter>Header Files</Filter>
    </ClInclude>
    <ClInclude Include="transports\inproc\inproc.h">
      <Filter>Header Files</Filter>
    </ClInclude>
    <ClInclude Include="transports\inproc\ins.h">
      <Filter>Header Files</Filter>
    </ClInclude>
    <ClInclude Include="transports\inproc\msgqueue.h">
      <Filter>Header Files</Filter>
    </ClInclude>
    <ClInclude Include="transports\inproc\sinproc.h">
      <Filter>Header Files</Filter>
    </ClInclude>
    <ClInclude Include="transports\ipc\aipc.h">
      <Filter>Header Files</Filter>
    </ClInclude>
    <ClInclude Include="transports\ipc\bipc.h">
      <Filter>Header Files</Filter>
    </ClInclude>
    <ClInclude Include="transports\ipc\cipc.h">
      <Filter>Header Files</Filter>
    </ClInclude>
    <ClInclude Include="transports\ipc\ipc.h">
      <Filter>Header Files</Filter>
    </ClInclude>
    <ClInclude Include="transports\ipc\sipc.h">
      <Filter>Header Files</Filter>
    </ClInclude>
    <ClInclude Include="transports\tcp\atcp.h">
      <Filter>Header Files</Filter>
    </ClInclude>
    <ClInclude Include="transports\tcp\btcp.h">
      <Filter>Header Files</Filter>
    </ClInclude>
    <ClInclude Include="transports\tcp\ctcp.h">
      <Filter>Header Files</Filter>
    </ClInclude>
    <ClInclude Include="transports\tcp\stcp.h">
      <Filter>Header Files</Filter>
    </ClInclude>
    <ClInclude Include="transports\tcp\tcp.h">
      <Filter>Header Files</Filter>
    </ClInclude>
    <ClInclude Include="utils\win.h">
      <Filter>Header Files</Filter>
    </ClInclude>
  </ItemGroup>
  <ItemGroup>
    <None Include="aio\poller_epoll.inc" />
    <None Include="aio\poller_kqueue.inc" />
    <None Include="aio\poller_poll.inc" />
    <None Include="aio\usock_posix.inc" />
    <None Include="aio\usock_win.inc" />
    <None Include="aio\worker_posix.inc" />
    <None Include="aio\worker_win.inc" />
    <None Include="utils\efd_eventfd.inc" />
    <None Include="utils\efd_pipe.inc" />
    <None Include="utils\efd_socketpair.inc" />
    <None Include="utils\efd_win.inc" />
    <None Include="utils\thread_posix.inc" />
    <None Include="utils\thread_win.inc" />
    <None Include="transports\utils\dns_getaddrinfo.inc" />
    <None Include="transports\utils\dns_getaddrinfo_a.inc" />
  </ItemGroup>
  <ItemGroup>
    <Filter Include="Source Files">
      <UniqueIdentifier>{47964A32-DAFF-47A6-967E-A9E44EB9B61E}</UniqueIdentifier>
    </Filter>
    <Filter Include="Header Files">
      <UniqueIdentifier>{26B98CE8-FF8A-42B5-8162-B634E0C699FF}</UniqueIdentifier>
    </Filter>
  </ItemGroup>
</Project>